<?xml version="1.0" encoding="utf-8"?>
<Project ToolsVersion="4.0" xmlns="http://schemas.microsoft.com/developer/msbuild/2003">
  <ItemGroup>
    <ClCompile Include="..\Backend\CLCommon\CLFunctionDefs.cpp" />
    <ClCompile Include="..\Backend\CLCommon\CLInternalFunctionDefs.cpp" />
    <ClCompile Include="..\Backend\CLCommon\CLUtils.cpp" />
    <ClCompile Include="..\Backend\CLTraceAgent\CLAtpFile.cpp" />
    <ClCompile Include="..\Backend\CLCommon\CLFunctionEnumDefs.cpp" />
    <ClCompile Include="..\Backend\CLCommon\CLPlatformInfo.cpp" />
    <ClCompile Include="..\Backend\Common\ATPFileUtils.cpp" />
    <ClCompile Include="..\Backend\Common\FileUtils.cpp" />
    <ClCompile Include="..\Backend\Common\LocaleSetting.cpp" />
    <ClCompile Include="..\Backend\Common\Logger.cpp" />
    <ClCompile Include="..\Backend\Common\OSUtils.cpp" />
    <ClCompile Include="..\Backend\Common\StackTraceAtpFile.cpp" />
    <ClCompile Include="..\Backend\Common\StringUtils.cpp" />
    <ClCompile Include="..\Backend\GLTraceAgent\GLAtpFile.cpp" />
    <ClCompile Include="..\Backend\HSAFdnCommon\HSAFunctionDefsUtils.cpp" />
    <ClCompile Include="..\Backend\HSAFdnTrace\HSAAtpFile.cpp" />
    <ClCompile Include="..\Backend\DX12Trace\DX12FunctionDefs.cpp" />
    <ClCompile Include="..\Backend\DX12Trace\DX12APIInfo.cpp" />
    <ClCompile Include="..\Backend\DX12Trace\DX12AtpFile.cpp" />
    <ClCompile Include="..\Backend\SYCLProfiler\SYCLAtpFile.cpp" />
    <ClCompile Include="..\Backend\VulkanTrace\VulkanFunctionDefs.cpp" />
    <ClCompile Include="..\Backend\VulkanTrace\VulkanAPIInfo.cpp" />
    <ClCompile Include="..\Backend\VulkanTrace\VulkanAtpFile.cpp" />
    <ClCompile Include="..\Backend\sanalyze\AnalyzerHTMLUtils.cpp" />
    <ClCompile Include="..\Backend\sprofile\AtpFile.cpp" />
    <ClCompile Include="..\..\..\..\Common\Src\AMDTMutex\AMDTMutex.cpp" />
    <ClCompile Include="..\..\..\..\Common\Src\ADLUtil\ADLUtil.cpp" />
    <ClCompile Include="..\..\..\..\Common\Src\DeviceInfo\DeviceInfoInternal.cpp" />
    <ClCompile Include="..\..\..\..\Common\Src\DeviceInfo\DeviceInfoUtils.cpp" />
    <ClCompile Include="..\..\..\..\Common\Src\DynamicLibraryModule\DynamicLibraryModule.cpp" />
    <ClCompile Include="..\..\..\..\Common\Src\DynamicLibraryModule\OpenCLModule.cpp" />
    <ClCompile Include="..\Backend\sprofile\PerfMarkerAtpFile.cpp" />
    <ClCompile Include="AMDTGpuProfilerPlugin.cpp" />
    <ClCompile Include="GLAPIDefs.cpp" />
    <ClCompile Include="gpDetailedDataRibbon.cpp" />
    <ClCompile Include="gpObjectDataContainer.cpp" />
    <ClCompile Include="gpObjectDataModel.cpp" />
    <ClCompile Include="gpObjectDataParser.cpp" />
    <ClCompile Include="gpObjectModels.cpp" />
    <ClCompile Include="gpObjectView.cpp" />
    <ClCompile Include="gpProjectSettings.cpp" />
    <ClCompile Include="gpRibbonDataCalculator.cpp" />
    <ClCompile Include="gpViewsCreator.cpp" />
    <ClCompile Include="APIColorMap.cpp" />
    <ClCompile Include="APITimelineItems.cpp" />
    <ClCompile Include="AsyncRemoteGpuProfilingTask.cpp" />
    <ClCompile Include="CLAPIDefs.cpp" />
    <ClCompile Include="CLAPIFilterManager.cpp" />
    <ClCompile Include="CLSummarizer.cpp" />
    <ClCompile Include="CLTimelineItems.cpp" />
    <ClCompile Include="SYCLTimelineItems.cpp" />
    <ClCompile Include="CodeViewerWindow.cpp" />
    <ClCompile Include="CounterGroup.cpp" />
    <ClCompile Include="CounterManager.cpp" />
    <ClCompile Include="CounterSelectionSettingPage.cpp" />
    <ClCompile Include="CustomDataTypes.cpp" />
    <ClCompile Include="DXTimelineItems.cpp" />
    <ClCompile Include="gpConnectDialog.cpp" />
    <ClCompile Include="gpCountersSelectionDialog.cpp" />
    <ClCompile Include="gpSessionView.cpp" />
    <ClCompile Include="gpSessionUpdaterThread.cpp" />
    <ClCompile Include="gpFrameView.cpp" />
    <ClCompile Include="gpNavigationRibbon.cpp" />
    <ClCompile Include="gpOverview.cpp" />
    <ClCompile Include="gpUIManager.cpp" />
    <ClCompile Include="gpTraceDataContainer.cpp" />
    <ClCompile Include="gpTraceTable.cpp" />
    <ClCompile Include="gpTraceTree.cpp" />
    <ClCompile Include="gpTimeline.cpp" />
    <ClCompile Include="gpTraceModels.cpp" />
    <ClCompile Include="EditNameValueDialog.cpp" />
    <ClCompile Include="FindToolBarView.cpp" />
    <ClCompile Include="GeneralSettingWindow.cpp" />
    <ClCompile Include="GeneratedFiles\rcc_QtClientMain.cpp" />
    <ClCompile Include="GlobalSettings.cpp" />
    <ClCompile Include="gpBaseSessionView.cpp" />
    <ClCompile Include="gpExecutionMode.cpp" />
    <ClCompile Include="gpRemoteGraphicsBackendHandler.cpp" />
    <ClCompile Include="gpTraceView.cpp" />
    <ClCompile Include="gpTraceSummaryWidget.cpp" />
    <ClCompile Include="gpSummaryTab.cpp" />
    <ClCompile Include="gpTraceSummaryTab.cpp" />
    <ClCompile Include="gpCommandListSummaryTab.cpp" />
    <ClCompile Include="gpSummaryTable.cpp" />
    <ClCompile Include="gpTraceSummaryTable.cpp" />
    <ClCompile Include="gpCommandListSummaryTable.cpp" />
    <ClCompile Include="gpPerformanceCountersDataView.cpp" />
    <ClCompile Include="gpTraceDataParser.cpp" />
    <ClCompile Include="gpTreeHandler.cpp" />
    <ClCompile Include="GPUProjectHandler.cpp" />
    <ClCompile Include="GpuSessionActionsCreator.cpp" />
    <ClCompile Include="gpTraceDataModel.cpp" />
    <ClCompile Include="HSAAPIDefs.cpp" />
    <ClCompile Include="HSATimelineItems.cpp" />
    <ClCompile Include="KernelOccupancyWindow.cpp" />
    <ClCompile Include="ListViewWindow.cpp" />
    <ClCompile Include="OccupancyInfo.cpp" />
    <ClCompile Include="OpenCLTraceSettingPage.cpp" />
    <ClCompile Include="ProfileProcessMonitor.cpp" />
    <ClCompile Include="ProfileManager.cpp" />
    <ClCompile Include="ProfileParam.cpp" />
    <ClCompile Include="ProfileSessionDataItem.cpp" />
    <ClCompile Include="ProfileSettingData.cpp" />
    <ClCompile Include="Project.cpp" />
    <ClCompile Include="ProjectSettings.cpp" />
    <ClCompile Include="Session.cpp" />
    <ClCompile Include="SessionControl.cpp" />
    <ClCompile Include="SessionManager.cpp" />
    <ClCompile Include="SessionViewTabWidget.cpp" />
    <ClCompile Include="SessionWindow.cpp" />
    <ClCompile Include="SummaryView.cpp" />
    <ClCompile Include="SymbolInfo.cpp" />
    <ClCompile Include="gpProjectSettingsExtension.cpp" />
    <ClCompile Include="gpMenuActionsExecutor.cpp" />
    <ClCompile Include="tmp\moc_Win32Debug\moc_gpViewsCreator.cpp" />
    <ClCompile Include="tmp\moc_Win32Debug\moc_APITimelineItems.cpp" />
    <ClCompile Include="tmp\moc_Win32Debug\moc_CodeViewerWindow.cpp" />
    <ClCompile Include="tmp\moc_Win32Debug\moc_CounterSelectionSettingPage.cpp" />
    <ClCompile Include="tmp\moc_Win32Debug\moc_CustomDataTypes.cpp" />
    <ClCompile Include="tmp\moc_Win32Debug\moc_EditNameValueDialog.cpp" />
    <ClCompile Include="tmp\moc_Win32Debug\moc_GeneralSettingWindow.cpp" />
    <ClCompile Include="tmp\moc_Win32Debug\moc_ListViewWindow.cpp" />
    <ClCompile Include="tmp\moc_Win32Debug\moc_OpenCLTraceSettingPage.cpp" />
    <ClCompile Include="tmp\moc_Win32Debug\moc_ProfileManager.cpp" />
    <ClCompile Include="tmp\moc_Win32Debug\moc_Session.cpp" />
    <ClCompile Include="tmp\moc_Win32Debug\moc_SessionControl.cpp" />
    <ClCompile Include="tmp\moc_Win32Debug\moc_SessionWindow.cpp" />
    <ClCompile Include="tmp\moc_Win32Debug\moc_SummaryView.cpp" />
    <ClCompile Include="tmp\moc_Win32Debug\moc_TraceTable.cpp" />
    <ClCompile Include="tmp\moc_Win32Debug\moc_TraceView.cpp" />
    <ClCompile Include="tmp\moc_Win32Release\moc_gpViewsCreator.cpp" />
    <ClCompile Include="tmp\moc_Win32Release\moc_APITimelineItems.cpp" />
    <ClCompile Include="tmp\moc_Win32Release\moc_CodeViewerWindow.cpp" />
    <ClCompile Include="tmp\moc_Win32Release\moc_CounterSelectionSettingPage.cpp" />
    <ClCompile Include="tmp\moc_Win32Release\moc_CustomDataTypes.cpp" />
    <ClCompile Include="tmp\moc_Win32Release\moc_EditNameValueDialog.cpp" />
    <ClCompile Include="tmp\moc_Win32Release\moc_GeneralSettingWindow.cpp" />
    <ClCompile Include="tmp\moc_Win32Release\moc_ListViewWindow.cpp" />
    <ClCompile Include="tmp\moc_Win32Release\moc_OpenCLTraceSettingPage.cpp" />
    <ClCompile Include="tmp\moc_Win32Release\moc_ProfileManager.cpp" />
    <ClCompile Include="tmp\moc_Win32Release\moc_Session.cpp" />
    <ClCompile Include="tmp\moc_Win32Release\moc_SessionControl.cpp" />
    <ClCompile Include="tmp\moc_Win32Release\moc_SessionWindow.cpp" />
    <ClCompile Include="tmp\moc_Win32Release\moc_SummaryView.cpp" />
    <ClCompile Include="tmp\moc_Win32Release\moc_TraceTable.cpp" />
    <ClCompile Include="tmp\moc_Win32Release\moc_TraceView.cpp" />
    <ClCompile Include="tmp\moc_$(Platform)$(Configuration)\moc_gpTraceTable.cpp" />
    <ClCompile Include="tmp\moc_$(Platform)$(Configuration)\moc_gpTraceTree.cpp" />
    <ClCompile Include="tmp\moc_$(Platform)$(Configuration)\moc_gpTimeline.cpp" />
    <ClCompile Include="tmp\moc_$(Platform)$(Configuration)\moc_gpTraceModels.cpp" />
    <ClCompile Include="tmp\moc_$(Platform)$(Configuration)\moc_gpBaseSessionView.cpp" />
    <ClCompile Include="tmp\moc_$(Platform)$(Configuration)\moc_gpTraceView.cpp" />
    <ClCompile Include="tmp\moc_$(Platform)$(Configuration)\moc_gpObjectView.cpp" />
    <ClCompile Include="tmp\moc_$(Platform)$(Configuration)\moc_gpObjectModels.cpp" />
    <ClCompile Include="tmp\moc_$(Platform)$(Configuration)\moc_gpTraceSummaryWidget.cpp" />
    <ClCompile Include="tmp\moc_$(Platform)$(Configuration)\moc_gpSummaryTab.cpp" />
    <ClCompile Include="tmp\moc_$(Platform)$(Configuration)\moc_gpCommandListSummaryTab.cpp" />
    <ClCompile Include="tmp\moc_$(Platform)$(Configuration)\moc_gpTraceSummaryTab.cpp" />
    <ClCompile Include="tmp\moc_$(Platform)$(Configuration)\moc_gpSummaryTable.cpp" />
    <ClCompile Include="tmp\moc_$(Platform)$(Configuration)\moc_gpTraceSummaryTable.cpp" />
    <ClCompile Include="tmp\moc_$(Platform)$(Configuration)\moc_gpCommandListSummaryTable.cpp" />
    <ClCompile Include="tmp\moc_$(Platform)$(Configuration)\moc_gpPerformanceCountersDataView.cpp" />
    <ClCompile Include="tmp\moc_$(Platform)$(Configuration)\moc_gpCountersSelectionDialog.cpp" />
    <ClCompile Include="tmp\moc_$(Platform)$(Configuration)\moc_gpSessionView.cpp" />
    <ClCompile Include="tmp\moc_$(Platform)$(Configuration)\moc_gpSessionUpdaterThread.cpp" />
    <ClCompile Include="tmp\moc_$(Platform)$(Configuration)\moc_gpFrameView.cpp" />
    <ClCompile Include="tmp\moc_$(Platform)$(Configuration)\moc_gpUIManager.cpp" />
    <ClCompile Include="tmp\moc_$(Platform)$(Configuration)\moc_gpOverview.cpp" />
    <ClCompile Include="tmp\moc_$(Platform)$(Configuration)\moc_gpProjectSettingsExtension.cpp" />
    <ClCompile Include="tmp\moc_$(Platform)$(Configuration)\moc_gpConnectDialog.cpp" />
    <ClCompile Include="tmp\moc_$(Platform)$(Configuration)\moc_gpNavigationRibbon.cpp" />
    <ClCompile Include="tmp\moc_$(Platform)$(Configuration)\moc_gpDetailedDataRibbon.cpp" />
    <ClCompile Include="TraceTable.cpp" />
    <ClCompile Include="TraceView.cpp" />
    <ClCompile Include="Util.cpp" />
    <ClCompile Include="..\Backend\SYCLProfiler\SYCLProfileEvents.cpp" />
  </ItemGroup>
  <ItemGroup>
    <ClInclude Include="..\..\..\..\Common\Src\qcustomplot\1.3.1\qcustomplot.h" />
    <ClInclude Include="..\Backend\DX12Trace\DX12APIInfo.h" />
    <ClInclude Include="..\Backend\DX12Trace\DX12AtpFile.h" />
    <ClInclude Include="..\Backend\DX12Trace\DX12FunctionDefs.h" />
    <ClInclude Include="..\Backend\GLTraceAgent\GLAPIInfo.h" />
    <ClInclude Include="..\Backend\GLTraceAgent\GLAtpFile.h" />
    <ClInclude Include="..\Backend\GLTraceAgent\GLFunctionEnumDefs.h" />
    <ClInclude Include="..\Backend\VulkanTrace\VulkanAPIInfo.h" />
    <ClInclude Include="..\Backend\VulkanTrace\VulkanAtpFile.h" />
    <ClInclude Include="..\Backend\VulkanTrace\VulkanFunctionDefs.h" />
    <ClInclude Include="AMDTGpuProfilerDefs.h" />
    <ClInclude Include="AMDTGpuProfilerPlugin.h" />
    <ClInclude Include="APIColorMap.h" />
    <ClInclude Include="AsyncRemoteGpuProfilingTask.h" />
    <ClInclude Include="CLAPIDefs.h" />
    <ClInclude Include="CLAPIFilterManager.h" />
    <ClInclude Include="CLSummarizer.h" />
    <ClInclude Include="CLTimelineItems.h" />
    <ClInclude Include="CounterGroup.h" />
    <ClInclude Include="CounterManager.h" />
    <ClInclude Include="DXTimelineItems.h" />
    <ClInclude Include="GLAPIDefs.h" />
    <ClInclude Include="gpRibbonDataCalculator.h" />
    <ClInclude Include="gpObjectDataContainer.h" />
    <ClInclude Include="gpObjectDataModel.h" />
    <ClInclude Include="gpObjectDataParser.h" />
    <ClInclude Include="gpTraceDataContainer.h" />
    <ClInclude Include="FindToolBarView.h" />
    <ClInclude Include="GeneratedFiles\ui_EditNameValue.h" />
    <ClInclude Include="GeneratedFiles\ui_FindToolBar.h" />
    <ClInclude Include="GeneratedFiles\ui_ListViewDialog.h" />
    <ClInclude Include="GeneratedFiles\ui_ProfileSetting.h" />
    <ClInclude Include="GeneratedFiles\ui_SummaryViewBase.h" />
    <ClInclude Include="GlobalSettings.h" />
    <ClInclude Include="gpAbstractTraceDataAccessInterface.h" />
    <ClInclude Include="gpExecutionMode.h" />
    <ClInclude Include="gpTraceDataParser.h" />
    <ClInclude Include="gpProjectSettings.h" />
    <ClInclude Include="gpRemoteGraphicsBackendHandler.h" />
    <ClInclude Include="gpTreeHandler.h" />
    <ClInclude Include="GpuSessionActionsCreator.h" />
    <ClInclude Include="gpTraceDataModel.h" />
    <ClInclude Include="HSAAPIDefs.h" />
    <ClInclude Include="HSATimelineItems.h" />
    <ClInclude Include="KernelOccupancyWindow.h" />
    <ClInclude Include="gpMenuActionsExecutor.h" />
    <ClInclude Include="OccupancyInfo.h" />
    <ClInclude Include="ProfileProcessMonitor.h" />
    <ClInclude Include="ProfileParam.h" />
    <ClInclude Include="ProfileSessionDataItem.h" />
    <ClInclude Include="ProfileSettingData.h" />
    <ClInclude Include="Project.h" />
    <ClInclude Include="ProjectSettings.h" />
    <ClInclude Include="SessionManager.h" />
    <ClInclude Include="SessionViewTabWidget.h" />
    <ClInclude Include="gpStringConstants.h" />
    <ClInclude Include="SymbolInfo.h" />
    <ClInclude Include="Util.h" />
  </ItemGroup>
  <ItemGroup>
    <CustomBuild Include="gpViewsCreator.h" />
    <CustomBuild Include="CodeViewerWindow.h" />
    <CustomBuild Include="APITimelineItems.h" />
    <CustomBuild Include="CustomDataTypes.h" />
    <CustomBuild Include="EditNameValueDialog.h" />
    <CustomBuild Include="GeneralSettingWindow.h" />
    <CustomBuild Include="CounterSelectionSettingPage.h" />
    <CustomBuild Include="OpenCLTraceSettingPage.h" />
    <CustomBuild Include="gpSessionView.h" />
    <CustomBuild Include="gpSessionUpdaterThread.h" />
    <CustomBuild Include="gpFrameView.h" />
    <CustomBuild Include="gpUIManager.h" />
    <CustomBuild Include="gpCountersSelectionDialog.h" />
    <CustomBuild Include="gpConnectDialog.h" />
    <CustomBuild Include="gpNavigationRibbon.h" />
    <CustomBuild Include="gpOverview.h" />
    <CustomBuild Include="gpDetailedDataRibbon.h" />
    <CustomBuild Include="ListViewWindow.h" />
    <CustomBuild Include="ProfileManager.h" />
    <CustomBuild Include="Session.h" />
    <CustomBuild Include="SessionControl.h" />
    <CustomBuild Include="SessionWindow.h" />
    <CustomBuild Include="SummaryView.h" />
    <CustomBuild Include="TraceTable.h" />
    <CustomBuild Include="TraceView.h" />
    <CustomBuild Include="gpTimeline.h" />
    <CustomBuild Include="gpTraceModels.h" />
    <CustomBuild Include="gpTraceTable.h" />
    <CustomBuild Include="gpTraceTree.h" />
    <CustomBuild Include="gpObjectView.h" />
    <CustomBuild Include="gpObjectModels.h" />
    <CustomBuild Include="gpBaseSessionView.h" />
    <CustomBuild Include="gpTraceView.h" />
    <CustomBuild Include="gpTraceSummaryWidget.h" />
    <CustomBuild Include="gpSummaryTab.h" />
    <CustomBuild Include="gpTraceSummaryTab.h" />
    <CustomBuild Include="gpCommandListSummaryTab.h" />
    <CustomBuild Include="gpSummaryTable.h" />
    <CustomBuild Include="gpTraceSummaryTable.h" />
    <CustomBuild Include="gpCommandListSummaryTable.h" />
    <CustomBuild Include="gpPerformanceCountersDataView.h" />
    <CustomBuild Include="gpProjectSettingsExtension.h" />
    <CustomBuild Include="EditNameValue.ui" />
    <CustomBuild Include="FindToolBar.ui" />
    <CustomBuild Include="ListViewDialog.ui" />
    <CustomBuild Include="ProfileSetting.ui" />
    <CustomBuild Include="QtClientMain.qrc" />
    <CustomBuild Include="SummaryViewBase.ui" />
  </ItemGroup>
  <ItemGroup>
    <ResourceCompile Include="..\..\..\..\Common\Src\VersionInfo\VersionResource.rc" />
  </ItemGroup>
  <ItemGroup>
    <None Include="SConscript" />
  </ItemGroup>
</Project>