<?xml version="1.0" encoding="utf-8"?>
<Project ToolsVersion="4.0" xmlns="http://schemas.microsoft.com/developer/msbuild/2003">
  <ItemGroup>
    <Filter Include="Source Files">
      <UniqueIdentifier>{4FC737F1-C7A5-4376-A066-2A32D752A2FF}</UniqueIdentifier>
      <Extensions>cpp;c;cc;cxx;def;odl;idl;hpj;bat;asm;asmx</Extensions>
    </Filter>
    <Filter Include="Header Files">
      <UniqueIdentifier>{93995380-89BD-4b04-88EB-625FBE52EBFB}</UniqueIdentifier>
      <Extensions>h;hh;hpp;hxx;hm;inl;inc;xsd</Extensions>
    </Filter>
    <Filter Include="Resource Files">
      <UniqueIdentifier>{67DA6AB6-F800-4c08-8B7A-83BB121AAD01}</UniqueIdentifier>
      <Extensions>rc;ico;cur;bmp;dlg;rc2;rct;bin;rgs;gif;jpg;jpeg;jpe;resx;tiff;tif;png;wav;mfcribbon-ms</Extensions>
    </Filter>
    <Filter Include="Scripts">
      <UniqueIdentifier>{f10b448b-241c-4342-b72a-4d70f4df34d5}</UniqueIdentifier>
    </Filter>
  </ItemGroup>
  <ItemGroup>
    <ClInclude Include="LPGPU2_db_FeedbackEngineAPIDefs.h">
      <Filter>Header Files</Filter>
    </ClInclude>
    <ClInclude Include="LPGPU2_db_FeedbackEnginePreProcessor.h">
      <Filter>Header Files</Filter>
    </ClInclude>
    <ClInclude Include="LPGPU2_db_FeedbackLuaBindings.h">
      <Filter>Header Files</Filter>
    </ClInclude>
    <ClInclude Include="LPGPU2_db_FeedbackEngine.h">
      <Filter>Header Files</Filter>
    </ClInclude>
  </ItemGroup>
  <ItemGroup>
    <ClCompile Include="LPGPU2_db_FeedbackEngine.cpp">
      <Filter>Source Files</Filter>
    </ClCompile>
    <ClCompile Include="LPGPU2_db_FeedbackEnginePreProcessor.cpp">
      <Filter>Source Files</Filter>
    </ClCompile>
  </ItemGroup>
  <ItemGroup>
    <None Include="LPGPU2FeedbackScript.lua">
      <Filter>Scripts</Filter>
    </None>
    <None Include="CopyFiles_AnyConfiguration.bat">
      <Filter>Scripts</Filter>
    </None>
    <None Include="LPGPU2ShaderStatsTestScript.lua">
      <Filter>Scripts</Filter>
    </None>
  </ItemGroup>
</Project>