<?xml version="1.0" encoding="utf-8"?>
<Project ToolsVersion="4.0" xmlns="http://schemas.microsoft.com/developer/msbuild/2003">
  <ItemGroup>
    <Filter Include="Header Files">
      <UniqueIdentifier>{1df01fb2-7f28-4c3f-864f-92a933fca191}</UniqueIdentifier>
    </Filter>
    <Filter Include="Source Files">
      <UniqueIdentifier>{7618255a-be7d-4903-a037-ce93c2d642f1}</UniqueIdentifier>
    </Filter>
    <Filter Include="Resource Files">
      <UniqueIdentifier>{7fa93a54-3b86-4dc0-aafd-d835b73a172f}</UniqueIdentifier>
    </Filter>
  </ItemGroup>
  <ItemGroup>
    <Xml Include="LPGPU2PowerModelsConfig.xml">
      <Filter>Resource Files</Filter>
    </Xml>
    <Xml Include="LPGPU2PowerModelsConfigSimp.xml">
      <Filter>Resource Files</Filter>
    </Xml>
  </ItemGroup>
  <ItemGroup>
    <ClCompile Include="LPGPU2LinearPowerModel.cpp">
      <Filter>Source Files</Filter>
    </ClCompile>
    <ClCompile Include="LPGPU2PowerModelsConfigManager.cpp">
      <Filter>Source Files</Filter>
    </ClCompile>
    <ClCompile Include="LPGPU2PowerModelsFactory.cpp">
      <Filter>Source Files</Filter>
    </ClCompile>
  </ItemGroup>
  <ItemGroup>
    <ClInclude Include="LPGPU2LinearPowerModel.h">
      <Filter>Header Files</Filter>
    </ClInclude>
    <ClInclude Include="LPGPU2PowerModel.h">
      <Filter>Header Files</Filter>
    </ClInclude>
    <ClInclude Include="LPGPU2PowerModelsConfigManager.h">
      <Filter>Header Files</Filter>
    </ClInclude>
    <ClInclude Include="LPGPU2PowerModelsDescriptors.h">
      <Filter>Header Files</Filter>
    </ClInclude>
    <ClInclude Include="LPGPU2PowerModelsFactory.h">
      <Filter>Header Files</Filter>
    </ClInclude>
    <ClInclude Include="LPGPU2PowerModelsAPIDefs.h">
      <Filter>Header Files</Filter>
    </ClInclude>
  </ItemGroup>
</Project>